
Microsoft Visual Studio Solution File, Format Version 12.00
# Visual Studio 2013
VisualStudioVersion = 12.0.21005.1
MinimumVisualStudioVersion = 10.0.40219.1
Project("{FAE04EC0-301F-11D3-BF4B-00C04F79EFBC}") = "CopyAsHtml", "CopyAsHtml\CopyAsHtml.csproj", "{E53E2E8A-8975-43EA-BDCC-8966AE402520}"
EndProject
Project("{FAE04EC0-301F-11D3-BF4B-00C04F79EFBC}") = "CopyAsHtmlTest", "CopyAsHtmlTest\CopyAsHtmlTest.csproj", "{EBF2DB98-AFE4-44AD-BC37-1C81F27F4A49}"
EndProject
Global
	GlobalSection(TeamFoundationVersionControl) = preSolution
		SccNumberOfProjects = 1
		SccEnterpriseProvider = {4CA58AB2-18FA-4F8D-95D4-32DDF27D184C}
		SccTeamFoundationServer = http://vstfdevdiv:8080/devdiv2
		SccProjectUniqueName0 = CopyAsHtml\\CopyAsHtml.csproj
		SccProjectName0 = CopyAsHtml
		SccAuxPath0 = http://vstfdevdiv:8080/devdiv2
		SccLocalPath0 = CopyAsHtml
		SccProvider0 = {4CA58AB2-18FA-4F8D-95D4-32DDF27D184C}
	EndGlobalSection
	GlobalSection(SolutionConfigurationPlatforms) = preSolution
		Debug|Any CPU = Debug|Any CPU
		Release|Any CPU = Release|Any CPU
	EndGlobalSection
	GlobalSection(ProjectConfigurationPlatforms) = postSolution
		{E53E2E8A-8975-43EA-BDCC-8966AE402520}.Debug|Any CPU.ActiveCfg = Debug|Any CPU
		{E53E2E8A-8975-43EA-BDCC-8966AE402520}.Debug|Any CPU.Build.0 = Debug|Any CPU
		{E53E2E8A-8975-43EA-BDCC-8966AE402520}.Release|Any CPU.ActiveCfg = Release|Any CPU
		{E53E2E8A-8975-43EA-BDCC-8966AE402520}.Release|Any CPU.Build.0 = Release|Any CPU
		{EBF2DB98-AFE4-44AD-BC37-1C81F27F4A49}.Debug|Any CPU.ActiveCfg = Debug|Any CPU
		{EBF2DB98-AFE4-44AD-BC37-1C81F27F4A49}.Debug|Any CPU.Build.0 = Debug|Any CPU
		{EBF2DB98-AFE4-44AD-BC37-1C81F27F4A49}.Release|Any CPU.ActiveCfg = Release|Any CPU
		{EBF2DB98-AFE4-44AD-BC37-1C81F27F4A49}.Release|Any CPU.Build.0 = Release|Any CPU
	EndGlobalSection
	GlobalSection(SolutionProperties) = preSolution
		HideSolutionNode = FALSE
	EndGlobalSection
EndGlobal
