Microsoft Visual Studio Solution File, Format Version 12.00
# Visual Studio 14
VisualStudioVersion = 14.0.24720.0
MinimumVisualStudioVersion = 10.0.40219.1
Project("{FAE04EC0-301F-11D3-BF4B-00C04F79EFBC}") = "GoToDef", "GoToDef\GoToDef.csproj", "{25815605-0093-48EC-A89B-44F70EBDED65}"
EndProject
Project("{2150E333-8FDC-42A3-9474-1A3956D46DE8}") = "Fix Mixed Tabs", "Fix Mixed Tabs", "{C44F698B-BC0A-462F-86C7-360A0EE85294}"
EndProject
Project("{FAE04EC0-301F-11D3-BF4B-00C04F79EFBC}") = "FixMixedTabs", "FixMixedTabs\Impl\FixMixedTabs.csproj", "{0E19E9EA-6AF0-48FF-BAB7-B1EB6754239B}"
EndProject
Project("{FAE04EC0-301F-11D3-BF4B-00C04F79EFBC}") = "FixMixedTabsUnitTests", "FixMixedTabs\Test\FixMixedTabsUnitTests.csproj", "{D914C432-FDFB-4C35-BEA3-749626C5FF30}"
EndProject
Project("{FAE04EC0-301F-11D3-BF4B-00C04F79EFBC}") = "SyntacticFisheye", "SyntacticFisheye\SyntacticFisheye.csproj", "{960E08DE-983C-4024-BCB6-01BBBB995D16}"
EndProject
Project("{FAE04EC0-301F-11D3-BF4B-00C04F79EFBC}") = "TelemetryForPPT", "TelemetryForPPT\TelemetryForPPT.csproj", "{4334F78E-A249-4150-AE73-E99008DB44A7}"
EndProject
Project("{FAE04EC0-301F-11D3-BF4B-00C04F79EFBC}") = "MatchMargin", "MatchMargin\MatchMargin.csproj", "{4133D566-F45A-4E14-94E1-305E244A8671}"
EndProject
Project("{2150E333-8FDC-42A3-9474-1A3956D46DE8}") = "PeekF1", "PeekF1", "{31978A02-FB7C-4062-9815-A87C3E22B188}"
EndProject
Project("{FAE04EC0-301F-11D3-BF4B-00C04F79EFBC}") = "PeekF1", "PeekF1\src\PeekF1.csproj", "{619B53F8-D9A0-4F86-B785-77EA6428366E}"
EndProject
Project("{FAE04EC0-301F-11D3-BF4B-00C04F79EFBC}") = "PeekF1Tests", "PeekF1\test\PeekF1Tests.csproj", "{26E2F297-49D1-43F8-86DE-2B5D4447A524}"
EndProject
Project("{FAE04EC0-301F-11D3-BF4B-00C04F79EFBC}") = "OptionsPage", "OptionsPage\OptionsPage.csproj", "{B24C54B8-AE03-4547-823A-7F6C2E79739B}"
EndProject
Project("{FAE04EC0-301F-11D3-BF4B-00C04F79EFBC}") = "TimeStampMargin", "TimeStampMargin\TimeStampMargin.csproj", "{B2B70477-112C-48E3-BD18-08C6E01D274B}"
EndProject
Project("{FAE04EC0-301F-11D3-BF4B-00C04F79EFBC}") = "BlockTagger", "Structure\BlockTagger\BlockTagger.csproj", "{C31D6B2C-4E3E-4B18-A408-5478F2B82834}"
EndProject
Project("{FAE04EC0-301F-11D3-BF4B-00C04F79EFBC}") = "BlockTaggerImpl", "Structure\BlockTaggerImpl\BlockTaggerImpl.csproj", "{1D7797BF-228B-4B3E-A1FA-9FB159E6CBDD}"
EndProject
Project("{FAE04EC0-301F-11D3-BF4B-00C04F79EFBC}") = "StructureVisualizer", "Structure\StructureVisualizer\StructureVisualizer.csproj", "{38B9DE75-1DC7-4874-BFC7-7C6782E208F7}"
EndProject
Project("{2150E333-8FDC-42A3-9474-1A3956D46DE8}") = "CopyAsHTML", "CopyAsHTML", "{9EFF13ED-05C5-4F68-A9BE-750125FFDF41}"
EndProject
Project("{FAE04EC0-301F-11D3-BF4B-00C04F79EFBC}") = "CopyAsHtml", "CopyAsHtml\CopyAsHtml\CopyAsHtml.csproj", "{E53E2E8A-8975-43EA-BDCC-8966AE402520}"
EndProject
Project("{2150E333-8FDC-42A3-9474-1A3956D46DE8}") = "Structure Visualizer", "Structure Visualizer", "{07322017-A09B-4948-8F0D-D8F359114AA3}"
EndProject
Project("{FAE04EC0-301F-11D3-BF4B-00C04F79EFBC}") = "MiddleClickScroll", "MiddleClickScroll\MiddleClickScroll.csproj", "{EB4E0065-033F-4C44-B5C4-071C799FD931}"
EndProject
Project("{FAE04EC0-301F-11D3-BF4B-00C04F79EFBC}") = "CopyAsHtmlTest", "CopyAsHtml\CopyAsHtmlTest\CopyAsHtmlTest.csproj", "{EBF2DB98-AFE4-44AD-BC37-1C81F27F4A49}"
EndProject
Global
	GlobalSection(SolutionConfigurationPlatforms) = preSolution
		Debug|Any CPU = Debug|Any CPU
		Release|Any CPU = Release|Any CPU
	EndGlobalSection
	GlobalSection(ProjectConfigurationPlatforms) = postSolution
		{25815605-0093-48EC-A89B-44F70EBDED65}.Debug|Any CPU.ActiveCfg = Debug|Any CPU
		{25815605-0093-48EC-A89B-44F70EBDED65}.Debug|Any CPU.Build.0 = Debug|Any CPU
		{25815605-0093-48EC-A89B-44F70EBDED65}.Release|Any CPU.ActiveCfg = Release|Any CPU
		{25815605-0093-48EC-A89B-44F70EBDED65}.Release|Any CPU.Build.0 = Release|Any CPU
		{0E19E9EA-6AF0-48FF-BAB7-B1EB6754239B}.Debug|Any CPU.ActiveCfg = Debug|Any CPU
		{0E19E9EA-6AF0-48FF-BAB7-B1EB6754239B}.Debug|Any CPU.Build.0 = Debug|Any CPU
		{0E19E9EA-6AF0-48FF-BAB7-B1EB6754239B}.Release|Any CPU.ActiveCfg = Release|Any CPU
		{0E19E9EA-6AF0-48FF-BAB7-B1EB6754239B}.Release|Any CPU.Build.0 = Release|Any CPU
		{D914C432-FDFB-4C35-BEA3-749626C5FF30}.Debug|Any CPU.ActiveCfg = Debug|Any CPU
		{D914C432-FDFB-4C35-BEA3-749626C5FF30}.Debug|Any CPU.Build.0 = Debug|Any CPU
		{D914C432-FDFB-4C35-BEA3-749626C5FF30}.Release|Any CPU.ActiveCfg = Release|Any CPU
		{D914C432-FDFB-4C35-BEA3-749626C5FF30}.Release|Any CPU.Build.0 = Release|Any CPU
		{960E08DE-983C-4024-BCB6-01BBBB995D16}.Debug|Any CPU.ActiveCfg = Debug|Any CPU
		{960E08DE-983C-4024-BCB6-01BBBB995D16}.Debug|Any CPU.Build.0 = Debug|Any CPU
		{960E08DE-983C-4024-BCB6-01BBBB995D16}.Release|Any CPU.ActiveCfg = Release|Any CPU
		{960E08DE-983C-4024-BCB6-01BBBB995D16}.Release|Any CPU.Build.0 = Release|Any CPU
		{4334F78E-A249-4150-AE73-E99008DB44A7}.Debug|Any CPU.ActiveCfg = Debug|Any CPU
		{4334F78E-A249-4150-AE73-E99008DB44A7}.Debug|Any CPU.Build.0 = Debug|Any CPU
		{4334F78E-A249-4150-AE73-E99008DB44A7}.Release|Any CPU.ActiveCfg = Release|Any CPU
		{4334F78E-A249-4150-AE73-E99008DB44A7}.Release|Any CPU.Build.0 = Release|Any CPU
		{4133D566-F45A-4E14-94E1-305E244A8671}.Debug|Any CPU.ActiveCfg = Debug|Any CPU
		{4133D566-F45A-4E14-94E1-305E244A8671}.Debug|Any CPU.Build.0 = Debug|Any CPU
		{4133D566-F45A-4E14-94E1-305E244A8671}.Release|Any CPU.ActiveCfg = Release|Any CPU
		{4133D566-F45A-4E14-94E1-305E244A8671}.Release|Any CPU.Build.0 = Release|Any CPU
		{619B53F8-D9A0-4F86-B785-77EA6428366E}.Debug|Any CPU.ActiveCfg = Debug|Any CPU
		{619B53F8-D9A0-4F86-B785-77EA6428366E}.Debug|Any CPU.Build.0 = Debug|Any CPU
		{619B53F8-D9A0-4F86-B785-77EA6428366E}.Release|Any CPU.ActiveCfg = Release|Any CPU
		{619B53F8-D9A0-4F86-B785-77EA6428366E}.Release|Any CPU.Build.0 = Release|Any CPU
		{26E2F297-49D1-43F8-86DE-2B5D4447A524}.Debug|Any CPU.ActiveCfg = Debug|Any CPU
		{26E2F297-49D1-43F8-86DE-2B5D4447A524}.Debug|Any CPU.Build.0 = Debug|Any CPU
		{26E2F297-49D1-43F8-86DE-2B5D4447A524}.Release|Any CPU.ActiveCfg = Release|Any CPU
		{26E2F297-49D1-43F8-86DE-2B5D4447A524}.Release|Any CPU.Build.0 = Release|Any CPU
		{B24C54B8-AE03-4547-823A-7F6C2E79739B}.Debug|Any CPU.ActiveCfg = Debug|Any CPU
		{B24C54B8-AE03-4547-823A-7F6C2E79739B}.Debug|Any CPU.Build.0 = Debug|Any CPU
		{B24C54B8-AE03-4547-823A-7F6C2E79739B}.Release|Any CPU.ActiveCfg = Release|Any CPU
		{B24C54B8-AE03-4547-823A-7F6C2E79739B}.Release|Any CPU.Build.0 = Release|Any CPU
		{B2B70477-112C-48E3-BD18-08C6E01D274B}.Debug|Any CPU.ActiveCfg = Debug|Any CPU
		{B2B70477-112C-48E3-BD18-08C6E01D274B}.Debug|Any CPU.Build.0 = Debug|Any CPU
		{B2B70477-112C-48E3-BD18-08C6E01D274B}.Release|Any CPU.ActiveCfg = Release|Any CPU
		{B2B70477-112C-48E3-BD18-08C6E01D274B}.Release|Any CPU.Build.0 = Release|Any CPU
		{C31D6B2C-4E3E-4B18-A408-5478F2B82834}.Debug|Any CPU.ActiveCfg = Debug|Any CPU
		{C31D6B2C-4E3E-4B18-A408-5478F2B82834}.Debug|Any CPU.Build.0 = Debug|Any CPU
		{C31D6B2C-4E3E-4B18-A408-5478F2B82834}.Release|Any CPU.ActiveCfg = Release|Any CPU
		{C31D6B2C-4E3E-4B18-A408-5478F2B82834}.Release|Any CPU.Build.0 = Release|Any CPU
		{1D7797BF-228B-4B3E-A1FA-9FB159E6CBDD}.Debug|Any CPU.ActiveCfg = Debug|Any CPU
		{1D7797BF-228B-4B3E-A1FA-9FB159E6CBDD}.Debug|Any CPU.Build.0 = Debug|Any CPU
		{1D7797BF-228B-4B3E-A1FA-9FB159E6CBDD}.Release|Any CPU.ActiveCfg = Release|Any CPU
		{1D7797BF-228B-4B3E-A1FA-9FB159E6CBDD}.Release|Any CPU.Build.0 = Release|Any CPU
		{38B9DE75-1DC7-4874-BFC7-7C6782E208F7}.Debug|Any CPU.ActiveCfg = Debug|Any CPU
		{38B9DE75-1DC7-4874-BFC7-7C6782E208F7}.Debug|Any CPU.Build.0 = Debug|Any CPU
		{38B9DE75-1DC7-4874-BFC7-7C6782E208F7}.Release|Any CPU.ActiveCfg = Release|Any CPU
		{38B9DE75-1DC7-4874-BFC7-7C6782E208F7}.Release|Any CPU.Build.0 = Release|Any CPU
		{E53E2E8A-8975-43EA-BDCC-8966AE402520}.Debug|Any CPU.ActiveCfg = Debug|Any CPU
		{E53E2E8A-8975-43EA-BDCC-8966AE402520}.Debug|Any CPU.Build.0 = Debug|Any CPU
		{E53E2E8A-8975-43EA-BDCC-8966AE402520}.Release|Any CPU.ActiveCfg = Release|Any CPU
		{E53E2E8A-8975-43EA-BDCC-8966AE402520}.Release|Any CPU.Build.0 = Release|Any CPU
		{EB4E0065-033F-4C44-B5C4-071C799FD931}.Debug|Any CPU.ActiveCfg = Debug|Any CPU
		{EB4E0065-033F-4C44-B5C4-071C799FD931}.Debug|Any CPU.Build.0 = Debug|Any CPU
		{EB4E0065-033F-4C44-B5C4-071C799FD931}.Release|Any CPU.ActiveCfg = Release|Any CPU
		{EB4E0065-033F-4C44-B5C4-071C799FD931}.Release|Any CPU.Build.0 = Release|Any CPU
		{EBF2DB98-AFE4-44AD-BC37-1C81F27F4A49}.Debug|Any CPU.ActiveCfg = Debug|Any CPU
		{EBF2DB98-AFE4-44AD-BC37-1C81F27F4A49}.Debug|Any CPU.Build.0 = Debug|Any CPU
		{EBF2DB98-AFE4-44AD-BC37-1C81F27F4A49}.Release|Any CPU.ActiveCfg = Release|Any CPU
		{EBF2DB98-AFE4-44AD-BC37-1C81F27F4A49}.Release|Any CPU.Build.0 = Release|Any CPU
	EndGlobalSection
	GlobalSection(SolutionProperties) = preSolution
		HideSolutionNode = FALSE
	EndGlobalSection
	GlobalSection(NestedProjects) = preSolution
		{0E19E9EA-6AF0-48FF-BAB7-B1EB6754239B} = {C44F698B-BC0A-462F-86C7-360A0EE85294}
		{D914C432-FDFB-4C35-BEA3-749626C5FF30} = {C44F698B-BC0A-462F-86C7-360A0EE85294}
		{619B53F8-D9A0-4F86-B785-77EA6428366E} = {31978A02-FB7C-4062-9815-A87C3E22B188}
		{26E2F297-49D1-43F8-86DE-2B5D4447A524} = {31978A02-FB7C-4062-9815-A87C3E22B188}
		{C31D6B2C-4E3E-4B18-A408-5478F2B82834} = {07322017-A09B-4948-8F0D-D8F359114AA3}
		{1D7797BF-228B-4B3E-A1FA-9FB159E6CBDD} = {07322017-A09B-4948-8F0D-D8F359114AA3}
		{38B9DE75-1DC7-4874-BFC7-7C6782E208F7} = {07322017-A09B-4948-8F0D-D8F359114AA3}
		{E53E2E8A-8975-43EA-BDCC-8966AE402520} = {9EFF13ED-05C5-4F68-A9BE-750125FFDF41}
		{EBF2DB98-AFE4-44AD-BC37-1C81F27F4A49} = {9EFF13ED-05C5-4F68-A9BE-750125FFDF41}
	EndGlobalSection
EndGlobal
